{
  "lockfileVersion": 1,
  "configVersion": 1,
  "workspaces": {
    "": {
      "dependencies": {
        "acorn": "^8.17.0",
        "acorn-walk": "^8.3.5",
      },
    },
  },
  "packages": {
    "acorn": ["acorn@8.17.0", "", { "bin": { "acorn": "bin/acorn" } }, "sha512-xRQbDb9BnwDafYNn6Vwl839DYVjqXYb1XVGtWAZ1kcDc6iwAL4hg3B1dZlRiuENFeO2H53gFG3in621AdERVAg=="],

    "acorn-walk": ["acorn-walk@8.3.5", "", { "dependencies": { "acorn": "^8.11.0" } }, "sha512-HEHNfbars9v4pgpW6SO1KSPkfoS0xVOM/9UzkJltjlsHZmJasxg8aXkuZa7SMf8vKGIBhpUsPluQSqhJFCqebw=="],
  }
}
